PODS:
  - DifferenceKit (1.1.5):
    - DifferenceKit/Core (= 1.1.5)
    - DifferenceKit/UIKitExtension (= 1.1.5)
  - DifferenceKit/Core (1.1.5)
  - DifferenceKit/UIKitExtension (1.1.5):
    - DifferenceKit/Core
  - SectionedData (0.1.6):
    - DifferenceKit (~> 1.1.3)

DEPENDENCIES:
  - SectionedData (from `..`)

SPEC REPOS:
  https://github.com/cocoapods/specs.git:
    - DifferenceKit

EXTERNAL SOURCES:
  SectionedData:
    :path: ".."

SPEC CHECKSUMS:
  DifferenceKit: 516f12e336ed65a3a0665847b5c3cb5cad4bd4ea
  SectionedData: 83c0f19e445441e361ba10270a449effdab1f585

PODFILE CHECKSUM: be56b0547d581355b663d761a14f3515263ac173

COCOAPODS: 1.5.3
